
Microsoft Visual Studio Solution File, Format Version 12.00
# Visual Studio 15
VisualStudioVersion = 15.0.27130.2036
MinimumVisualStudioVersion = 10.0.40219.1
Project("{9A19103F-16F7-4668-BE54-9A1E7A4F7556}") = "SenseMining.API", "SenseMining\SenseMining.API.csproj", "{B28758B1-97FD-4688-BEB0-397A24DB55DD}"
EndProject
Project("{9A19103F-16F7-4668-BE54-9A1E7A4F7556}") = "SenseMining.Database", "SenseMining.Database\SenseMining.Database.csproj", "{6CE920DD-D4EF-4920-AA1F-286C4C82AFAE}"
EndProject
Project("{9A19103F-16F7-4668-BE54-9A1E7A4F7556}") = "SenseMining.Entities", "SenseMining.Entities\SenseMining.Entities.csproj", "{9982F405-4761-484D-BCF6-932ED5A20CE0}"
EndProject
Project("{9A19103F-16F7-4668-BE54-9A1E7A4F7556}") = "SenseMining.Domain", "SenseMining.Domain\SenseMining.Domain.csproj", "{F680A084-DB0C-486A-AC6E-F87B72F855B2}"
EndProject
Project("{9A19103F-16F7-4668-BE54-9A1E7A4F7556}") = "SenseMining.Utils.AspNetCore.Mvc", "SenseMining.Utils.AspNetCore.Mvc\SenseMining.Utils.AspNetCore.Mvc.csproj", "{81043653-2D85-4548-B097-AA7E630A306B}"
EndProject
Project("{9A19103F-16F7-4668-BE54-9A1E7A4F7556}") = "SenseMining.Worker", "SenseMining.Worker\SenseMining.Worker.csproj", "{C60F7E93-831F-46D9-B63E-C641E7BD1148}"
EndProject
Project("{9A19103F-16F7-4668-BE54-9A1E7A4F7556}") = "SenseMining.Listener", "SenseMining.Listener\SenseMining.Listener.csproj", "{5A40A266-BA6C-490D-A845-60377B414766}"
EndProject
Project("{9A19103F-16F7-4668-BE54-9A1E7A4F7556}") = "SenseMining.Importer", "SenseMining.Importer\SenseMining.Importer.csproj", "{447953D7-0819-430E-926D-950BEF8D175A}"
EndProject
Project("{9A19103F-16F7-4668-BE54-9A1E7A4F7556}") = "SenseMining.Utils", "SenseMining.Utils\SenseMining.Utils.csproj", "{A938529A-DE6D-43D4-ACC6-10B1723C3187}"
EndProject
Project("{FAE04EC0-301F-11D3-BF4B-00C04F79EFBC}") = "SenseMining.Importer.GroceryMarket", "SenseMining.Importer.GroceryMarket\SenseMining.Importer.GroceryMarket.csproj", "{D76823E3-B039-40AF-B958-B3B68B7F4BD6}"
EndProject
Global
	GlobalSection(SolutionConfigurationPlatforms) = preSolution
		Debug|Any CPU = Debug|Any CPU
		Release|Any CPU = Release|Any CPU
	EndGlobalSection
	GlobalSection(ProjectConfigurationPlatforms) = postSolution
		{B28758B1-97FD-4688-BEB0-397A24DB55DD}.Debug|Any CPU.ActiveCfg = Debug|Any CPU
		{B28758B1-97FD-4688-BEB0-397A24DB55DD}.Debug|Any CPU.Build.0 = Debug|Any CPU
		{B28758B1-97FD-4688-BEB0-397A24DB55DD}.Release|Any CPU.ActiveCfg = Release|Any CPU
		{B28758B1-97FD-4688-BEB0-397A24DB55DD}.Release|Any CPU.Build.0 = Release|Any CPU
		{6CE920DD-D4EF-4920-AA1F-286C4C82AFAE}.Debug|Any CPU.ActiveCfg = Debug|Any CPU
		{6CE920DD-D4EF-4920-AA1F-286C4C82AFAE}.Debug|Any CPU.Build.0 = Debug|Any CPU
		{6CE920DD-D4EF-4920-AA1F-286C4C82AFAE}.Release|Any CPU.ActiveCfg = Release|Any CPU
		{6CE920DD-D4EF-4920-AA1F-286C4C82AFAE}.Release|Any CPU.Build.0 = Release|Any CPU
		{9982F405-4761-484D-BCF6-932ED5A20CE0}.Debug|Any CPU.ActiveCfg = Debug|Any CPU
		{9982F405-4761-484D-BCF6-932ED5A20CE0}.Debug|Any CPU.Build.0 = Debug|Any CPU
		{9982F405-4761-484D-BCF6-932ED5A20CE0}.Release|Any CPU.ActiveCfg = Release|Any CPU
		{9982F405-4761-484D-BCF6-932ED5A20CE0}.Release|Any CPU.Build.0 = Release|Any CPU
		{F680A084-DB0C-486A-AC6E-F87B72F855B2}.Debug|Any CPU.ActiveCfg = Debug|Any CPU
		{F680A084-DB0C-486A-AC6E-F87B72F855B2}.Debug|Any CPU.Build.0 = Debug|Any CPU
		{F680A084-DB0C-486A-AC6E-F87B72F855B2}.Release|Any CPU.ActiveCfg = Release|Any CPU
		{F680A084-DB0C-486A-AC6E-F87B72F855B2}.Release|Any CPU.Build.0 = Release|Any CPU
		{81043653-2D85-4548-B097-AA7E630A306B}.Debug|Any CPU.ActiveCfg = Debug|Any CPU
		{81043653-2D85-4548-B097-AA7E630A306B}.Debug|Any CPU.Build.0 = Debug|Any CPU
		{81043653-2D85-4548-B097-AA7E630A306B}.Release|Any CPU.ActiveCfg = Release|Any CPU
		{81043653-2D85-4548-B097-AA7E630A306B}.Release|Any CPU.Build.0 = Release|Any CPU
		{C60F7E93-831F-46D9-B63E-C641E7BD1148}.Debug|Any CPU.ActiveCfg = Debug|Any CPU
		{C60F7E93-831F-46D9-B63E-C641E7BD1148}.Debug|Any CPU.Build.0 = Debug|Any CPU
		{C60F7E93-831F-46D9-B63E-C641E7BD1148}.Release|Any CPU.ActiveCfg = Release|Any CPU
		{C60F7E93-831F-46D9-B63E-C641E7BD1148}.Release|Any CPU.Build.0 = Release|Any CPU
		{5A40A266-BA6C-490D-A845-60377B414766}.Debug|Any CPU.ActiveCfg = Debug|Any CPU
		{5A40A266-BA6C-490D-A845-60377B414766}.Debug|Any CPU.Build.0 = Debug|Any CPU
		{5A40A266-BA6C-490D-A845-60377B414766}.Release|Any CPU.ActiveCfg = Release|Any CPU
		{5A40A266-BA6C-490D-A845-60377B414766}.Release|Any CPU.Build.0 = Release|Any CPU
		{447953D7-0819-430E-926D-950BEF8D175A}.Debug|Any CPU.ActiveCfg = Debug|Any CPU
		{447953D7-0819-430E-926D-950BEF8D175A}.Debug|Any CPU.Build.0 = Debug|Any CPU
		{447953D7-0819-430E-926D-950BEF8D175A}.Release|Any CPU.ActiveCfg = Release|Any CPU
		{447953D7-0819-430E-926D-950BEF8D175A}.Release|Any CPU.Build.0 = Release|Any CPU
		{A938529A-DE6D-43D4-ACC6-10B1723C3187}.Debug|Any CPU.ActiveCfg = Debug|Any CPU
		{A938529A-DE6D-43D4-ACC6-10B1723C3187}.Debug|Any CPU.Build.0 = Debug|Any CPU
		{A938529A-DE6D-43D4-ACC6-10B1723C3187}.Release|Any CPU.ActiveCfg = Release|Any CPU
		{A938529A-DE6D-43D4-ACC6-10B1723C3187}.Release|Any CPU.Build.0 = Release|Any CPU
		{D76823E3-B039-40AF-B958-B3B68B7F4BD6}.Debug|Any CPU.ActiveCfg = Debug|Any CPU
		{D76823E3-B039-40AF-B958-B3B68B7F4BD6}.Debug|Any CPU.Build.0 = Debug|Any CPU
		{D76823E3-B039-40AF-B958-B3B68B7F4BD6}.Release|Any CPU.ActiveCfg = Release|Any CPU
		{D76823E3-B039-40AF-B958-B3B68B7F4BD6}.Release|Any CPU.Build.0 = Release|Any CPU
	EndGlobalSection
	GlobalSection(SolutionProperties) = preSolution
		HideSolutionNode = FALSE
	EndGlobalSection
	GlobalSection(ExtensibilityGlobals) = postSolution
		SolutionGuid = {A63E7012-75C0-4E74-898E-179F0558397D}
	EndGlobalSection
EndGlobal
